PODS:
  - flutter_local_notifications (0.0.1):
    - FlutterMacOS
  - FlutterMacOS (1.0.0)
  - geolocator_apple (1.2.0):
    - FlutterMacOS
  - location (0.0.1):
    - FlutterMacOS
  - path_provider_foundation (0.0.1):
    - Flutter
    - FlutterMacOS
  - share_plus_macos (0.0.1):
    - FlutterMacOS
  - shared_preferences_foundation (0.0.1):
    - Flutter
    - FlutterMacOS
  - url_launcher_macos (0.0.1):
    - FlutterMacOS
  - wakelock_macos (0.0.1):
    - FlutterMacOS

DEPENDENCIES:
  - flutter_local_notifications (from `Flutter/ephemeral/.symlinks/plugins/flutter_local_notifications/macos`)
  - FlutterMacOS (from `Flutter/ephemeral`)
  - geolocator_apple (from `Flutter/ephemeral/.symlinks/plugins/geolocator_apple/macos`)
  - location (from `Flutter/ephemeral/.symlinks/plugins/location/macos`)
  - path_provider_foundation (from `Flutter/ephemeral/.symlinks/plugins/path_provider_foundation/macos`)
  - share_plus_macos (from `Flutter/ephemeral/.symlinks/plugins/share_plus_macos/macos`)
  - shared_preferences_foundation (from `Flutter/ephemeral/.symlinks/plugins/shared_preferences_foundation/macos`)
  - url_launcher_macos (from `Flutter/ephemeral/.symlinks/plugins/url_launcher_macos/macos`)
  - wakelock_macos (from `Flutter/ephemeral/.symlinks/plugins/wakelock_macos/macos`)

EXTERNAL SOURCES:
  flutter_local_notifications:
    :path: Flutter/ephemeral/.symlinks/plugins/flutter_local_notifications/macos
  FlutterMacOS:
    :path: Flutter/ephemeral
  geolocator_apple:
    :path: Flutter/ephemeral/.symlinks/plugins/geolocator_apple/macos
  location:
    :path: Flutter/ephemeral/.symlinks/plugins/location/macos
  path_provider_foundation:
    :path: Flutter/ephemeral/.symlinks/plugins/path_provider_foundation/macos
  share_plus_macos:
    :path: Flutter/ephemeral/.symlinks/plugins/share_plus_macos/macos
  shared_preferences_foundation:
    :path: Flutter/ephemeral/.symlinks/plugins/shared_preferences_foundation/macos
  url_launcher_macos:
    :path: Flutter/ephemeral/.symlinks/plugins/url_launcher_macos/macos
  wakelock_macos:
    :path: Flutter/ephemeral/.symlinks/plugins/wakelock_macos/macos

SPEC CHECKSUMS:
  flutter_local_notifications: 3805ca215b2fb7f397d78b66db91f6a747af52e4
  FlutterMacOS: ae6af50a8ea7d6103d888583d46bd8328a7e9811
  geolocator_apple: 72a78ae3f3e4ec0db62117bd93e34523f5011d58
  location: 7cdb0665bd6577d382b0a343acdadbcb7f964775
  path_provider_foundation: c68054786f1b4f3343858c1e1d0caaded73f0be9
  share_plus_macos: 853ee48e7dce06b633998ca0735d482dd671ade4
  shared_preferences_foundation: 986fc17f3d3251412d18b0265f9c64113a8c2472
  url_launcher_macos: 5335912b679c073563f29d89d33d10d459f95451
  wakelock_macos: bc3f2a9bd8d2e6c89fee1e1822e7ddac3bd004a9

PODFILE CHECKSUM: 6eac6b3292e5142cfc23bdeb71848a40ec51c14c

COCOAPODS: 1.11.3
